
Microsoft Visual Studio Solution File, Format Version 12.00
# Visual Studio Version 17
VisualStudioVersion = 17.0.32014.148
MinimumVisualStudioVersion = 10.0.40219.1
Project("{FAE04EC0-301F-11D3-BF4B-00C04F79EFBC}") = "MegaventoryProject", "MegaventoryProject.csproj", "{2AE0BD51-C312-4A43-9ACA-BF4ADB99D8FE}"
EndProject
Global
	GlobalSection(SolutionConfigurationPlatforms) = preSolution
		Debug|Any CPU = Debug|Any CPU
		Release|Any CPU = Release|Any CPU
	EndGlobalSection
	GlobalSection(ProjectConfigurationPlatforms) = postSolution
		{2AE0BD51-C312-4A43-9ACA-BF4ADB99D8FE}.Debug|Any CPU.ActiveCfg = Debug|Any CPU
		{2AE0BD51-C312-4A43-9ACA-BF4ADB99D8FE}.Debug|Any CPU.Build.0 = Debug|Any CPU
		{2AE0BD51-C312-4A43-9ACA-BF4ADB99D8FE}.Release|Any CPU.ActiveCfg = Release|Any CPU
		{2AE0BD51-C312-4A43-9ACA-BF4ADB99D8FE}.Release|Any CPU.Build.0 = Release|Any CPU
	EndGlobalSection
	GlobalSection(SolutionProperties) = preSolution
		HideSolutionNode = FALSE
	EndGlobalSection
	GlobalSection(ExtensibilityGlobals) = postSolution
		SolutionGuid = {0B0D100C-C163-44A7-B180-B33E2A9A70B3}
	EndGlobalSection
EndGlobal
